{
    "name": "@lichade/wisp-server-node",
    "version": "1.1.7",
    "lockfileVersion": 3,
    "requires": true,
    "packages": {
        "": {
            "name": "@lichade/wisp-server-node",
            "version": "1.1.7",
            "license": "AGPL-3.0-only",
            "dependencies": {
                "bufferutil": "^4.0.8",
                "socks": "^2.8.4",
                "utf-8-validate": "^6.0.4",
                "ws": "^8.18.0"
            },
            "devDependencies": {
                "@types/ws": "^8.5.12",
                "typescript": "^5.6.2"
            }
        },
        "node_modules/@types/node": {
            "version": "20.11.16",
            "resolved": "https://registry.npmjs.org/@types/node/-/node-20.11.16.tgz",
            "integrity": "sha512-gKb0enTmRCzXSSUJDq6/sPcqrfCv2mkkG6Jt/clpn5eiCbKTY+SgZUxo+p8ZKMof5dCp9vHQUAB7wOUTod22wQ==",
            "dev": true,
            "dependencies": {
                "undici-types": "~5.26.4"
            }
        },
        "node_modules/@types/ws": {
            "version": "8.5.12",
            "resolved": "https://registry.npmjs.org/@types/ws/-/ws-8.5.12.tgz",
            "integrity": "sha512-3tPRkv1EtkDpzlgyKyI8pGsGZAGPEaXeu0DOj5DI25Ja91bdAYddYHbADRYVrZMRbfW+1l5YwXVDKohDJNQxkQ==",
            "dev": true,
            "license": "MIT",
            "dependencies": {
                "@types/node": "*"
            }
        },
        "node_modules/bufferutil": {
            "version": "4.0.8",
            "resolved": "https://registry.npmjs.org/bufferutil/-/bufferutil-4.0.8.tgz",
            "integrity": "sha512-4T53u4PdgsXqKaIctwF8ifXlRTTmEPJ8iEPWFdGZvcf7sbwYo6FKFEX9eNNAnzFZ7EzJAQ3CJeOtCRA4rDp7Pw==",
            "hasInstallScript": true,
            "dependencies": {
                "node-gyp-build": "^4.3.0"
            },
            "engines": {
                "node": ">=6.14.2"
            }
        },
        "node_modules/ip-address": {
            "version": "9.0.5",
            "resolved": "https://registry.npmjs.org/ip-address/-/ip-address-9.0.5.tgz",
            "integrity": "sha512-zHtQzGojZXTwZTHQqra+ETKd4Sn3vgi7uBmlPoXVWZqYvuKmtI0l/VZTjqGmJY9x88GGOaZ9+G9ES8hC4T4X8g==",
            "license": "MIT",
            "dependencies": {
                "jsbn": "1.1.0",
                "sprintf-js": "^1.1.3"
            },
            "engines": {
                "node": ">= 12"
            }
        },
        "node_modules/jsbn": {
            "version": "1.1.0",
            "resolved": "https://registry.npmjs.org/jsbn/-/jsbn-1.1.0.tgz",
            "integrity": "sha512-4bYVV3aAMtDTTu4+xsDYa6sy9GyJ69/amsu9sYF2zqjiEoZA5xJi3BrfX3uY+/IekIu7MwdObdbDWpoZdBv3/A==",
            "license": "MIT"
        },
        "node_modules/node-gyp-build": {
            "version": "4.8.0",
            "resolved": "https://registry.npmjs.org/node-gyp-build/-/node-gyp-build-4.8.0.tgz",
            "integrity": "sha512-u6fs2AEUljNho3EYTJNBfImO5QTo/J/1Etd+NVdCj7qWKUSN/bSLkZwhDv7I+w/MSC6qJ4cknepkAYykDdK8og==",
            "bin": {
                "node-gyp-build": "bin.js",
                "node-gyp-build-optional": "optional.js",
                "node-gyp-build-test": "build-test.js"
            }
        },
        "node_modules/smart-buffer": {
            "version": "4.2.0",
            "resolved": "https://registry.npmjs.org/smart-buffer/-/smart-buffer-4.2.0.tgz",
            "integrity": "sha512-94hK0Hh8rPqQl2xXc3HsaBoOXKV20MToPkcXvwbISWLEs+64sBq5kFgn2kJDHb1Pry9yrP0dxrCI9RRci7RXKg==",
            "license": "MIT",
            "engines": {
                "node": ">= 6.0.0",
                "npm": ">= 3.0.0"
            }
        },
        "node_modules/socks": {
            "version": "2.8.4",
            "resolved": "https://registry.npmjs.org/socks/-/socks-2.8.4.tgz",
            "integrity": "sha512-D3YaD0aRxR3mEcqnidIs7ReYJFVzWdd6fXJYUM8ixcQcJRGTka/b3saV0KflYhyVJXKhb947GndU35SxYNResQ==",
            "license": "MIT",
            "dependencies": {
                "ip-address": "^9.0.5",
                "smart-buffer": "^4.2.0"
            },
            "engines": {
                "node": ">= 10.0.0",
                "npm": ">= 3.0.0"
            }
        },
        "node_modules/sprintf-js": {
            "version": "1.1.3",
            "resolved": "https://registry.npmjs.org/sprintf-js/-/sprintf-js-1.1.3.tgz",
            "integrity": "sha512-Oo+0REFV59/rz3gfJNKQiBlwfHaSESl1pcGyABQsnnIfWOFt6JNj5gCog2U6MLZ//IGYD+nA8nI+mTShREReaA==",
            "license": "BSD-3-Clause"
        },
        "node_modules/typescript": {
            "version": "5.6.2",
            "resolved": "https://registry.npmjs.org/typescript/-/typescript-5.6.2.tgz",
            "integrity": "sha512-NW8ByodCSNCwZeghjN3o+JX5OFH0Ojg6sadjEKY4huZ52TqbJTJnDo5+Tw98lSy63NZvi4n+ez5m2u5d4PkZyw==",
            "dev": true,
            "license": "Apache-2.0",
            "bin": {
                "tsc": "bin/tsc",
                "tsserver": "bin/tsserver"
            },
            "engines": {
                "node": ">=14.17"
            }
        },
        "node_modules/undici-types": {
            "version": "5.26.5",
            "resolved": "https://registry.npmjs.org/undici-types/-/undici-types-5.26.5.tgz",
            "integrity": "sha512-JlCMO+ehdEIKqlFxk6IfVoAUVmgz7cU7zD/h9XZ0qzeosSHmUJVOzSQvvYSYWXkFXC+IfLKSIffhv0sVZup6pA==",
            "dev": true
        },
        "node_modules/utf-8-validate": {
            "version": "6.0.4",
            "resolved": "https://registry.npmjs.org/utf-8-validate/-/utf-8-validate-6.0.4.tgz",
            "integrity": "sha512-xu9GQDeFp+eZ6LnCywXN/zBancWvOpUMzgjLPSjy4BRHSmTelvn2E0DG0o1sTiw5hkCKBHo8rwSKncfRfv2EEQ==",
            "hasInstallScript": true,
            "license": "MIT",
            "dependencies": {
                "node-gyp-build": "^4.3.0"
            },
            "engines": {
                "node": ">=6.14.2"
            }
        },
        "node_modules/ws": {
            "version": "8.18.0",
            "resolved": "https://registry.npmjs.org/ws/-/ws-8.18.0.tgz",
            "integrity": "sha512-8VbfWfHLbbwu3+N6OKsOMpBdT4kXPDDB9cJk2bJ6mh9ucxdlnNvH1e+roYkKmN9Nxw2yjz7VzeO9oOz2zJ04Pw==",
            "license": "MIT",
            "engines": {
                "node": ">=10.0.0"
            },
            "peerDependencies": {
                "bufferutil": "^4.0.1",
                "utf-8-validate": ">=5.0.2"
            },
            "peerDependenciesMeta": {
                "bufferutil": {
                    "optional": true
                },
                "utf-8-validate": {
                    "optional": true
                }
            }
        }
    }
}
